PODS:
  - Flutter (1.0.0)
  - identity_nfc_ios (1.0.0):
    - Flutter
    - NFCCore (~> 1.0)
  - NFCCore (1.0.0):
    - OpenSSL-Universal (~> 1.1)
  - OpenSSL-Universal (1.1.2301)

DEPENDENCIES:
  - Flutter (from `Flutter`)
  - identity_nfc_ios (from `.symlinks/plugins/identity_nfc_ios/ios`)
  - NFCCore (from `../../../../native/ios/NFCCore`)

SPEC REPOS:
  trunk:
    - OpenSSL-Universal

EXTERNAL SOURCES:
  Flutter:
    :path: Flutter
  identity_nfc_ios:
    :path: ".symlinks/plugins/identity_nfc_ios/ios"
  NFCCore:
    :path: "../../../../native/ios/NFCCore"

SPEC CHECKSUMS:
  Flutter: cabc95a1d2626b1b06e7179b784ebcf0c0cde467
  identity_nfc_ios: 95bd8e147bfdde160bb81c6d236a94a0375ef59b
  NFCCore: 146301c415cae9e3938849afd85e29fa4b97ec8b
  OpenSSL-Universal: ca89c20240633a77c776082ba76b7d90f992bf77

PODFILE CHECKSUM: b0976052618e6998b679db54f627d58c25cd2c94

COCOAPODS: 1.16.2
